Microsoft Visual Studio Solution File, Format Version 11.00
# Visual Studio 2010
Project("{F184B08F-C81C-45F6-A57F-5ABD9991F28F}") = "Themes", "Themes.vbproj", "{BCCA5658-83DA-45DA-A5F5-C26F629828BA}"
EndProject
Global
	GlobalSection(SolutionConfigurationPlatforms) = preSolution
		Debug|Any CPU = Debug|Any CPU
		Release|Any CPU = Release|Any CPU
	EndGlobalSection
	GlobalSection(ProjectConfigurationPlatforms) = postSolution
		{BCCA5658-83DA-45DA-A5F5-C26F629828BA}.Debug|Any CPU.ActiveCfg = Debug|Any CPU
		{BCCA5658-83DA-45DA-A5F5-C26F629828BA}.Debug|Any CPU.Build.0 = Debug|Any CPU
		{BCCA5658-83DA-45DA-A5F5-C26F629828BA}.Release|Any CPU.ActiveCfg = Release|Any CPU
		{BCCA5658-83DA-45DA-A5F5-C26F629828BA}.Release|Any CPU.Build.0 = Release|Any CPU
	EndGlobalSection
	GlobalSection(SolutionProperties) = preSolution
		HideSolutionNode = FALSE
	EndGlobalSection
EndGlobal
